
Microsoft Visual Studio Solution File, Format Version 12.00
# Visual Studio Version 17
VisualStudioVersion = 17.5.2.0
MinimumVisualStudioVersion = 10.0.40219.1
Project("{2150E333-8FDC-42A3-9474-1A3956D46DE8}") = "Classes", "Classes", "{6A8505AE-38D6-29C8-A789-2A25D546B4DE}"
EndProject
Project("{2150E333-8FDC-42A3-9474-1A3956D46DE8}") = "Construtor", "Construtor", "{BA2E1643-F97C-0806-5D1A-BF01D5BA5E0D}"
EndProject
Project("{2150E333-8FDC-42A3-9474-1A3956D46DE8}") = "Encapsulamento", "Encapsulamento", "{AAECB3B3-E374-B9C2-C304-14E4E4C20354}"
EndProject
Project("{2150E333-8FDC-42A3-9474-1A3956D46DE8}") = "POO - 4º Termo", "POO - 4º Termo", "{7FDFE873-6C58-E300-17AE-0BB796F5B768}"
EndProject
Project("{FAE04EC0-301F-11D3-BF4B-00C04F79EFBC}") = "ClasseConta", "Classes\ClasseConta\ClasseConta.csproj", "{913BD12E-7055-3591-707A-182C69914E18}"
EndProject
Project("{FAE04EC0-301F-11D3-BF4B-00C04F79EFBC}") = "ClasseFuncionario", "Classes\ClasseFuncionario\ClasseFuncionario.csproj", "{721B5255-7C4B-5FB0-C9CE-3AF8B937FF06}"
EndProject
Project("{FAE04EC0-301F-11D3-BF4B-00C04F79EFBC}") = "ClasseProduto", "Classes\ClasseProduto\ClasseProduto.csproj", "{E40902FC-854D-39B8-B3CD-0BD8E36E012F}"
EndProject
Project("{FAE04EC0-301F-11D3-BF4B-00C04F79EFBC}") = "EncapsulamentoConta", "Classes\EncapsulamentoConta\EncapsulamentoConta.csproj", "{98ECE6BB-3A40-A9AD-8D2E-5D70B9C6A497}"
EndProject
Project("{FAE04EC0-301F-11D3-BF4B-00C04F79EFBC}") = "EncapsulamentoSEMConta", "Classes\EncapsulamentoSEMConta\EncapsulamentoSEMConta.csproj", "{76BB8C06-09F7-47C4-9ECD-4B262CFFBF57}"
EndProject
Project("{FAE04EC0-301F-11D3-BF4B-00C04F79EFBC}") = "ListFuncionario", "Classes\ListFuncionario\ListFuncionario.csproj", "{D9782D50-8D57-B605-5CC2-86F890BD57F4}"
EndProject
Project("{FAE04EC0-301F-11D3-BF4B-00C04F79EFBC}") = "VetorConta", "Classes\VetorConta\VetorConta.csproj", "{BDA7ED56-A8C8-B606-E809-FF218206E16B}"
EndProject
Project("{FAE04EC0-301F-11D3-BF4B-00C04F79EFBC}") = "VetorFuncionario", "Classes\VetorFuncionario\VetorFuncionario.csproj", "{55D9359B-5B51-A939-3058-548F52F67D98}"
EndProject
Project("{FAE04EC0-301F-11D3-BF4B-00C04F79EFBC}") = "ConstrutorConta", "Construtor\ConstrutorConta\ConstrutorConta.csproj", "{996338D6-822C-016D-9885-F36C9765A55B}"
EndProject
Project("{FAE04EC0-301F-11D3-BF4B-00C04F79EFBC}") = "ConstrutorFuncionario", "Construtor\ConstrutorFuncionario\ConstrutorFuncionario.csproj", "{595499CD-E37F-078C-1F59-9B604C5A7A96}"
EndProject
Project("{FAE04EC0-301F-11D3-BF4B-00C04F79EFBC}") = "TrabalhoConstrutorAluno", "Construtor\TrabalhoConstrutorAluno\TrabalhoConstrutorAluno.csproj", "{F813B977-240B-4BB3-434B-1501F14FBEC6}"
EndProject
Project("{FAE04EC0-301F-11D3-BF4B-00C04F79EFBC}") = "EncapsulamentoProduto", "Encapsulamento\EncapsulamentoProduto\EncapsulamentoProduto.csproj", "{40669C4D-2AD2-C14F-5675-1B4F27B13710}"
EndProject
Project("{FAE04EC0-301F-11D3-BF4B-00C04F79EFBC}") = "Revisão", "POO - 4º Termo\Revisão\Revisão.csproj", "{152644F7-2908-1386-CF26-94C33EFEF66C}"
EndProject
Global
	GlobalSection(SolutionConfigurationPlatforms) = preSolution
		Debug|Any CPU = Debug|Any CPU
		Release|Any CPU = Release|Any CPU
	EndGlobalSection
	GlobalSection(ProjectConfigurationPlatforms) = postSolution
		{913BD12E-7055-3591-707A-182C69914E18}.Debug|Any CPU.ActiveCfg = Debug|Any CPU
		{913BD12E-7055-3591-707A-182C69914E18}.Debug|Any CPU.Build.0 = Debug|Any CPU
		{913BD12E-7055-3591-707A-182C69914E18}.Release|Any CPU.ActiveCfg = Release|Any CPU
		{913BD12E-7055-3591-707A-182C69914E18}.Release|Any CPU.Build.0 = Release|Any CPU
		{721B5255-7C4B-5FB0-C9CE-3AF8B937FF06}.Debug|Any CPU.ActiveCfg = Debug|Any CPU
		{721B5255-7C4B-5FB0-C9CE-3AF8B937FF06}.Debug|Any CPU.Build.0 = Debug|Any CPU
		{721B5255-7C4B-5FB0-C9CE-3AF8B937FF06}.Release|Any CPU.ActiveCfg = Release|Any CPU
		{721B5255-7C4B-5FB0-C9CE-3AF8B937FF06}.Release|Any CPU.Build.0 = Release|Any CPU
		{E40902FC-854D-39B8-B3CD-0BD8E36E012F}.Debug|Any CPU.ActiveCfg = Debug|Any CPU
		{E40902FC-854D-39B8-B3CD-0BD8E36E012F}.Debug|Any CPU.Build.0 = Debug|Any CPU
		{E40902FC-854D-39B8-B3CD-0BD8E36E012F}.Release|Any CPU.ActiveCfg = Release|Any CPU
		{E40902FC-854D-39B8-B3CD-0BD8E36E012F}.Release|Any CPU.Build.0 = Release|Any CPU
		{98ECE6BB-3A40-A9AD-8D2E-5D70B9C6A497}.Debug|Any CPU.ActiveCfg = Debug|Any CPU
		{98ECE6BB-3A40-A9AD-8D2E-5D70B9C6A497}.Debug|Any CPU.Build.0 = Debug|Any CPU
		{98ECE6BB-3A40-A9AD-8D2E-5D70B9C6A497}.Release|Any CPU.ActiveCfg = Release|Any CPU
		{98ECE6BB-3A40-A9AD-8D2E-5D70B9C6A497}.Release|Any CPU.Build.0 = Release|Any CPU
		{76BB8C06-09F7-47C4-9ECD-4B262CFFBF57}.Debug|Any CPU.ActiveCfg = Debug|Any CPU
		{76BB8C06-09F7-47C4-9ECD-4B262CFFBF57}.Debug|Any CPU.Build.0 = Debug|Any CPU
		{76BB8C06-09F7-47C4-9ECD-4B262CFFBF57}.Release|Any CPU.ActiveCfg = Release|Any CPU
		{76BB8C06-09F7-47C4-9ECD-4B262CFFBF57}.Release|Any CPU.Build.0 = Release|Any CPU
		{D9782D50-8D57-B605-5CC2-86F890BD57F4}.Debug|Any CPU.ActiveCfg = Debug|Any CPU
		{D9782D50-8D57-B605-5CC2-86F890BD57F4}.Debug|Any CPU.Build.0 = Debug|Any CPU
		{D9782D50-8D57-B605-5CC2-86F890BD57F4}.Release|Any CPU.ActiveCfg = Release|Any CPU
		{D9782D50-8D57-B605-5CC2-86F890BD57F4}.Release|Any CPU.Build.0 = Release|Any CPU
		{BDA7ED56-A8C8-B606-E809-FF218206E16B}.Debug|Any CPU.ActiveCfg = Debug|Any CPU
		{BDA7ED56-A8C8-B606-E809-FF218206E16B}.Debug|Any CPU.Build.0 = Debug|Any CPU
		{BDA7ED56-A8C8-B606-E809-FF218206E16B}.Release|Any CPU.ActiveCfg = Release|Any CPU
		{BDA7ED56-A8C8-B606-E809-FF218206E16B}.Release|Any CPU.Build.0 = Release|Any CPU
		{55D9359B-5B51-A939-3058-548F52F67D98}.Debug|Any CPU.ActiveCfg = Debug|Any CPU
		{55D9359B-5B51-A939-3058-548F52F67D98}.Debug|Any CPU.Build.0 = Debug|Any CPU
		{55D9359B-5B51-A939-3058-548F52F67D98}.Release|Any CPU.ActiveCfg = Release|Any CPU
		{55D9359B-5B51-A939-3058-548F52F67D98}.Release|Any CPU.Build.0 = Release|Any CPU
		{996338D6-822C-016D-9885-F36C9765A55B}.Debug|Any CPU.ActiveCfg = Debug|Any CPU
		{996338D6-822C-016D-9885-F36C9765A55B}.Debug|Any CPU.Build.0 = Debug|Any CPU
		{996338D6-822C-016D-9885-F36C9765A55B}.Release|Any CPU.ActiveCfg = Release|Any CPU
		{996338D6-822C-016D-9885-F36C9765A55B}.Release|Any CPU.Build.0 = Release|Any CPU
		{595499CD-E37F-078C-1F59-9B604C5A7A96}.Debug|Any CPU.ActiveCfg = Debug|Any CPU
		{595499CD-E37F-078C-1F59-9B604C5A7A96}.Debug|Any CPU.Build.0 = Debug|Any CPU
		{595499CD-E37F-078C-1F59-9B604C5A7A96}.Release|Any CPU.ActiveCfg = Release|Any CPU
		{595499CD-E37F-078C-1F59-9B604C5A7A96}.Release|Any CPU.Build.0 = Release|Any CPU
		{F813B977-240B-4BB3-434B-1501F14FBEC6}.Debug|Any CPU.ActiveCfg = Debug|Any CPU
		{F813B977-240B-4BB3-434B-1501F14FBEC6}.Debug|Any CPU.Build.0 = Debug|Any CPU
		{F813B977-240B-4BB3-434B-1501F14FBEC6}.Release|Any CPU.ActiveCfg = Release|Any CPU
		{F813B977-240B-4BB3-434B-1501F14FBEC6}.Release|Any CPU.Build.0 = Release|Any CPU
		{40669C4D-2AD2-C14F-5675-1B4F27B13710}.Debug|Any CPU.ActiveCfg = Debug|Any CPU
		{40669C4D-2AD2-C14F-5675-1B4F27B13710}.Debug|Any CPU.Build.0 = Debug|Any CPU
		{40669C4D-2AD2-C14F-5675-1B4F27B13710}.Release|Any CPU.ActiveCfg = Release|Any CPU
		{40669C4D-2AD2-C14F-5675-1B4F27B13710}.Release|Any CPU.Build.0 = Release|Any CPU
		{152644F7-2908-1386-CF26-94C33EFEF66C}.Debug|Any CPU.ActiveCfg = Debug|Any CPU
		{152644F7-2908-1386-CF26-94C33EFEF66C}.Debug|Any CPU.Build.0 = Debug|Any CPU
		{152644F7-2908-1386-CF26-94C33EFEF66C}.Release|Any CPU.ActiveCfg = Release|Any CPU
		{152644F7-2908-1386-CF26-94C33EFEF66C}.Release|Any CPU.Build.0 = Release|Any CPU
	EndGlobalSection
	GlobalSection(SolutionProperties) = preSolution
		HideSolutionNode = FALSE
	EndGlobalSection
	GlobalSection(NestedProjects) = preSolution
		{913BD12E-7055-3591-707A-182C69914E18} = {6A8505AE-38D6-29C8-A789-2A25D546B4DE}
		{721B5255-7C4B-5FB0-C9CE-3AF8B937FF06} = {6A8505AE-38D6-29C8-A789-2A25D546B4DE}
		{E40902FC-854D-39B8-B3CD-0BD8E36E012F} = {6A8505AE-38D6-29C8-A789-2A25D546B4DE}
		{98ECE6BB-3A40-A9AD-8D2E-5D70B9C6A497} = {6A8505AE-38D6-29C8-A789-2A25D546B4DE}
		{76BB8C06-09F7-47C4-9ECD-4B262CFFBF57} = {6A8505AE-38D6-29C8-A789-2A25D546B4DE}
		{D9782D50-8D57-B605-5CC2-86F890BD57F4} = {6A8505AE-38D6-29C8-A789-2A25D546B4DE}
		{BDA7ED56-A8C8-B606-E809-FF218206E16B} = {6A8505AE-38D6-29C8-A789-2A25D546B4DE}
		{55D9359B-5B51-A939-3058-548F52F67D98} = {6A8505AE-38D6-29C8-A789-2A25D546B4DE}
		{996338D6-822C-016D-9885-F36C9765A55B} = {BA2E1643-F97C-0806-5D1A-BF01D5BA5E0D}
		{595499CD-E37F-078C-1F59-9B604C5A7A96} = {BA2E1643-F97C-0806-5D1A-BF01D5BA5E0D}
		{F813B977-240B-4BB3-434B-1501F14FBEC6} = {BA2E1643-F97C-0806-5D1A-BF01D5BA5E0D}
		{40669C4D-2AD2-C14F-5675-1B4F27B13710} = {AAECB3B3-E374-B9C2-C304-14E4E4C20354}
		{152644F7-2908-1386-CF26-94C33EFEF66C} = {7FDFE873-6C58-E300-17AE-0BB796F5B768}
	EndGlobalSection
	GlobalSection(ExtensibilityGlobals) = postSolution
		SolutionGuid = {D8DECE2C-3C62-4B6A-84DE-1F3F5A3645E4}
	EndGlobalSection
EndGlobal
